
Microsoft Visual Studio Solution File, Format Version 12.00
# Visual Studio Version 16
VisualStudioVersion = 16.0.30621.155
MinimumVisualStudioVersion = 10.0.40219.1
Project("{FAE04EC0-301F-11D3-BF4B-00C04F79EFBC}") = "GruppUppgift", "GruppUppgift\GruppUppgift.csproj", "{73F34A67-1041-4ABA-BE42-8AA626A420DC}"
EndProject
Global
	GlobalSection(SolutionConfigurationPlatforms) = preSolution
		Debug|Any CPU = Debug|Any CPU
		Release|Any CPU = Release|Any CPU
	EndGlobalSection
	GlobalSection(ProjectConfigurationPlatforms) = postSolution
		{73F34A67-1041-4ABA-BE42-8AA626A420DC}.Debug|Any CPU.ActiveCfg = Debug|Any CPU
		{73F34A67-1041-4ABA-BE42-8AA626A420DC}.Debug|Any CPU.Build.0 = Debug|Any CPU
		{73F34A67-1041-4ABA-BE42-8AA626A420DC}.Release|Any CPU.ActiveCfg = Release|Any CPU
		{73F34A67-1041-4ABA-BE42-8AA626A420DC}.Release|Any CPU.Build.0 = Release|Any CPU
	EndGlobalSection
	GlobalSection(SolutionProperties) = preSolution
		HideSolutionNode = FALSE
	EndGlobalSection
	GlobalSection(ExtensibilityGlobals) = postSolution
		SolutionGuid = {226DE86B-5DDC-4C66-9ECA-27CC0250C5D0}
	EndGlobalSection
EndGlobal
